// !$*UTF8*$!
{
	archiveVersion = 1;
	classes = {
	};
	objectVersion = 56;
	objects = {

/* Begin PBXBuildFile section */
		8F1489662DFCFE87002E2B24 /* HomeView.swift in Sources */ = {isa = PBXBuildFile; fileRef = 8F1489652DFCFE82002E2B24 /* HomeView.swift */; };
		8F1489682DFCFF5E002E2B24 /* AboutMeView.swift in Sources */ = {isa = PBXBuildFile; fileRef = 8F1489672DFCFF5E002E2B24 /* AboutMeView.swift */; };
		8F14896A2DFCFFCC002E2B24 /* ExperienceView.swift in Sources */ = {isa = PBXBuildFile; fileRef = 8F1489692DFCFFCC002E2B24 /* ExperienceView.swift */; };
		8F14896D2DFD0007002E2B24 /* Experience.swift in Sources */ = {isa = PBXBuildFile; fileRef = 8F14896C2DFCFFFC002E2B24 /* Experience.swift */; };
		8F1489702DFD00C5002E2B24 /* MainTabView.swift in Sources */ = {isa = PBXBuildFile; fileRef = 8F14896F2DFD00C5002E2B24 /* MainTabView.swift */; };
		8F1489722DFD015E002E2B24 /* ContactView.swift in Sources */ = {isa = PBXBuildFile; fileRef = 8F1489712DFD015E002E2B24 /* ContactView.swift */; };
		8F14897B2DFDFA41002E2B24 /* ProjectsView.swift in Sources */ = {isa = PBXBuildFile; fileRef = 8F14897A2DFDFA41002E2B24 /* ProjectsView.swift */; };
		8F14897F2DFDFA6E002E2B24 /* Project.swift in Sources */ = {isa = PBXBuildFile; fileRef = 8F14897E2DFDFA6E002E2B24 /* Project.swift */; };
		8FE897F52931089500A97CD7 /* PortfolioApp.swift in Sources */ = {isa = PBXBuildFile; fileRef = 8FE897F42931089500A97CD7 /* PortfolioApp.swift */; };
		8FE897F72931089500A97CD7 /* ContentView.swift in Sources */ = {isa = PBXBuildFile; fileRef = 8FE897F62931089500A97CD7 /* ContentView.swift */; };
		8FE897F92931089700A97CD7 /* Assets.xcassets in Resources */ = {isa = PBXBuildFile; fileRef = 8FE897F82931089700A97CD7 /* Assets.xcassets */; };
		8FE897FC2931089700A97CD7 /* Preview Assets.xcassets in Resources */ = {isa = PBXBuildFile; fileRef = 8FE897FB2931089700A97CD7 /* Preview Assets.xcassets */; };
/* End PBXBuildFile section */

/* Begin PBXFileReference section */
		8F1489652DFCFE82002E2B24 /* HomeView.swift */ = {isa = PBXFileReference; lastKnownFileType = sourcecode.swift; path = HomeView.swift; sourceTree = "<group>"; };
		8F1489672DFCFF5E002E2B24 /* AboutMeView.swift */ = {isa = PBXFileReference; lastKnownFileType = sourcecode.swift; path = AboutMeView.swift; sourceTree = "<group>"; };
		8F1489692DFCFFCC002E2B24 /* ExperienceView.swift */ = {isa = PBXFileReference; lastKnownFileType = sourcecode.swift; path = ExperienceView.swift; sourceTree = "<group>"; };
		8F14896C2DFCFFFC002E2B24 /* Experience.swift */ = {isa = PBXFileReference; lastKnownFileType = sourcecode.swift; path = Experience.swift; sourceTree = "<group>"; };
		8F14896F2DFD00C5002E2B24 /* MainTabView.swift */ = {isa = PBXFileReference; lastKnownFileType = sourcecode.swift; path = MainTabView.swift; sourceTree = "<group>"; };
		8F1489712DFD015E002E2B24 /* ContactView.swift */ = {isa = PBXFileReference; lastKnownFileType = sourcecode.swift; path = ContactView.swift; sourceTree = "<group>"; };
		8F14897A2DFDFA41002E2B24 /* ProjectsView.swift */ = {isa = PBXFileReference; lastKnownFileType = sourcecode.swift; path = ProjectsView.swift; sourceTree = "<group>"; };
		8F14897E2DFDFA6E002E2B24 /* Project.swift */ = {isa = PBXFileReference; lastKnownFileType = sourcecode.swift; path = Project.swift; sourceTree = "<group>"; };
		8FE897F12931089500A97CD7 /* Portfolio.app */ = {isa = PBXFileReference; explicitFileType = wrapper.application; includeInIndex = 0; path = Portfolio.app; sourceTree = BUILT_PRODUCTS_DIR; };
		8FE897F42931089500A97CD7 /* PortfolioApp.swift */ = {isa = PBXFileReference; lastKnownFileType = sourcecode.swift; path = PortfolioApp.swift; sourceTree = "<group>"; };
		8FE897F62931089500A97CD7 /* ContentView.swift */ = {isa = PBXFileReference; lastKnownFileType = sourcecode.swift; path = ContentView.swift; sourceTree = "<group>"; };
		8FE897F82931089700A97CD7 /* Assets.xcassets */ = {isa = PBXFileReference; lastKnownFileType = folder.assetcatalog; path = Assets.xcassets; sourceTree = "<group>"; };
		8FE897FB2931089700A97CD7 /* Preview Assets.xcassets */ = {isa = PBXFileReference; lastKnownFileType = folder.assetcatalog; path = "Preview Assets.xcassets"; sourceTree = "<group>"; };
/* End PBXFileReference section */

/* Begin PBXFrameworksBuildPhase section */
		8FE897EE2931089500A97CD7 /* Frameworks */ = {
			isa = PBXFrameworksBuildPhase;
			buildActionMask = 2147483647;
			files = (
			);
			runOnlyForDeploymentPostprocessing = 0;
		};
/* End PBXFrameworksBuildPhase section */

/* Begin PBXGroup section */
		8F14896B2DFCFFE9002E2B24 /* Models */ = {
			isa = PBXGroup;
			children = (
				8F14896C2DFCFFFC002E2B24 /* Experience.swift */,
				8F14897E2DFDFA6E002E2B24 /* Project.swift */,
			);
			path = Models;
			sourceTree = "<group>";
		};
		8F1489732DFD01D2002E2B24 /* Resources */ = {
			isa = PBXGroup;
			children = (
				8FE897F82931089700A97CD7 /* Assets.xcassets */,
			);
			path = Resources;
			sourceTree = "<group>";
		};
		8F1489742DFD01EF002E2B24 /* Views */ = {
			isa = PBXGroup;
			children = (
				8F14897C2DFDFA45002E2B24 /* Projects */,
				8F1489782DFD023E002E2B24 /* Experience */,
				8F1489772DFD022F002E2B24 /* Contact */,
				8F1489762DFD0205002E2B24 /* AboutMe */,
				8F1489752DFD01F8002E2B24 /* Home */,
			);
			path = Views;
			sourceTree = "<group>";
		};
		8F1489752DFD01F8002E2B24 /* Home */ = {
			isa = PBXGroup;
			children = (
				8F1489652DFCFE82002E2B24 /* HomeView.swift */,
			);
			path = Home;
			sourceTree = "<group>";
		};
		8F1489762DFD0205002E2B24 /* AboutMe */ = {
			isa = PBXGroup;
			children = (
				8F1489672DFCFF5E002E2B24 /* AboutMeView.swift */,
			);
			path = AboutMe;
			sourceTree = "<group>";
		};
		8F1489772DFD022F002E2B24 /* Contact */ = {
			isa = PBXGroup;
			children = (
				8F1489712DFD015E002E2B24 /* ContactView.swift */,
			);
			path = Contact;
			sourceTree = "<group>";
		};
		8F1489782DFD023E002E2B24 /* Experience */ = {
			isa = PBXGroup;
			children = (
				8F1489692DFCFFCC002E2B24 /* ExperienceView.swift */,
			);
			path = Experience;
			sourceTree = "<group>";
		};
		8F1489792DFD024C002E2B24 /* Main */ = {
			isa = PBXGroup;
			children = (
				8F14896F2DFD00C5002E2B24 /* MainTabView.swift */,
				8FE897F62931089500A97CD7 /* ContentView.swift */,
			);
			path = Main;
			sourceTree = "<group>";
		};
		8F14897C2DFDFA45002E2B24 /* Projects */ = {
			isa = PBXGroup;
			children = (
				8F14897A2DFDFA41002E2B24 /* ProjectsView.swift */,
			);
			path = Projects;
			sourceTree = "<group>";
		};
		8FE897E82931089500A97CD7 = {
			isa = PBXGroup;
			children = (
				8FE897F32931089500A97CD7 /* Portfolio */,
				8FE897F22931089500A97CD7 /* Products */,
			);
			sourceTree = "<group>";
		};
		8FE897F22931089500A97CD7 /* Products */ = {
			isa = PBXGroup;
			children = (
				8FE897F12931089500A97CD7 /* Portfolio.app */,
			);
			name = Products;
			sourceTree = "<group>";
		};
		8FE897F32931089500A97CD7 /* Portfolio */ = {
			isa = PBXGroup;
			children = (
				8FE897FA2931089700A97CD7 /* Preview Content */,
				8F1489792DFD024C002E2B24 /* Main */,
				8F1489742DFD01EF002E2B24 /* Views */,
				8F1489732DFD01D2002E2B24 /* Resources */,
				8F14896B2DFCFFE9002E2B24 /* Models */,
				8FE897F42931089500A97CD7 /* PortfolioApp.swift */,
			);
			path = Portfolio;
			sourceTree = "<group>";
		};
		8FE897FA2931089700A97CD7 /* Preview Content */ = {
			isa = PBXGroup;
			children = (
				8FE897FB2931089700A97CD7 /* Preview Assets.xcassets */,
			);
			path = "Preview Content";
			sourceTree = "<group>";
		};
/* End PBXGroup section */

/* Begin PBXNativeTarget section */
		8FE897F02931089500A97CD7 /* Portfolio */ = {
			isa = PBXNativeTarget;
			buildConfigurationList = 8FE897FF2931089700A97CD7 /* Build configuration list for PBXNativeTarget "Portfolio" */;
			buildPhases = (
				8FE897ED2931089500A97CD7 /* Sources */,
				8FE897EE2931089500A97CD7 /* Frameworks */,
				8FE897EF2931089500A97CD7 /* Resources */,
			);
			buildRules = (
			);
			dependencies = (
			);
			name = Portfolio;
			productName = Portfolio;
			productReference = 8FE897F12931089500A97CD7 /* Portfolio.app */;
			productType = "com.apple.product-type.application";
		};
/* End PBXNativeTarget section */

/* Begin PBXProject section */
		8FE897E92931089500A97CD7 /* Project object */ = {
			isa = PBXProject;
			attributes = {
				BuildIndependentTargetsInParallel = 1;
				LastSwiftUpdateCheck = 1410;
				LastUpgradeCheck = 1410;
				TargetAttributes = {
					8FE897F02931089500A97CD7 = {
						CreatedOnToolsVersion = 14.1;
					};
				};
			};
			buildConfigurationList = 8FE897EC2931089500A97CD7 /* Build configuration list for PBXProject "Portfolio" */;
			compatibilityVersion = "Xcode 14.0";
			developmentRegion = en;
			hasScannedForEncodings = 0;
			knownRegions = (
				en,
				Base,
			);
			mainGroup = 8FE897E82931089500A97CD7;
			productRefGroup = 8FE897F22931089500A97CD7 /* Products */;
			projectDirPath = "";
			projectRoot = "";
			targets = (
				8FE897F02931089500A97CD7 /* Portfolio */,
			);
		};
/* End PBXProject section */

/* Begin PBXResourcesBuildPhase section */
		8FE897EF2931089500A97CD7 /* Resources */ = {
			isa = PBXResourcesBuildPhase;
			buildActionMask = 2147483647;
			files = (
				8FE897FC2931089700A97CD7 /* Preview Assets.xcassets in Resources */,
				8FE897F92931089700A97CD7 /* Assets.xcassets in Resources */,
			);
			runOnlyForDeploymentPostprocessing = 0;
		};
/* End PBXResourcesBuildPhase section */

/* Begin PBXSourcesBuildPhase section */
		8FE897ED2931089500A97CD7 /* Sources */ = {
			isa = PBXSourcesBuildPhase;
			buildActionMask = 2147483647;
			files = (
				8F1489682DFCFF5E002E2B24 /* AboutMeView.swift in Sources */,
				8F1489662DFCFE87002E2B24 /* HomeView.swift in Sources */,
				8FE897F72931089500A97CD7 /* ContentView.swift in Sources */,
				8F14897F2DFDFA6E002E2B24 /* Project.swift in Sources */,
				8F1489722DFD015E002E2B24 /* ContactView.swift in Sources */,
				8F14897B2DFDFA41002E2B24 /* ProjectsView.swift in Sources */,
				8F14896D2DFD0007002E2B24 /* Experience.swift in Sources */,
				8F1489702DFD00C5002E2B24 /* MainTabView.swift in Sources */,
				8F14896A2DFCFFCC002E2B24 /* ExperienceView.swift in Sources */,
				8FE897F52931089500A97CD7 /* PortfolioApp.swift in Sources */,
			);
			runOnlyForDeploymentPostprocessing = 0;
		};
/* End PBXSourcesBuildPhase section */

/* Begin XCBuildConfiguration section */
		8FE897FD2931089700A97CD7 /* Debug */ = {
			isa = XCBuildConfiguration;
			buildSettings = {
				ALWAYS_SEARCH_USER_PATHS = NO;
				CLANG_ANALYZER_NONNULL = YES;
				CLANG_ANALYZER_NUMBER_OBJECT_CONVERSION = YES_AGGRESSIVE;
				CLANG_CXX_LANGUAGE_STANDARD = "gnu++20";
				CLANG_ENABLE_MODULES = YES;
				CLANG_ENABLE_OBJC_ARC = YES;
				CLANG_ENABLE_OBJC_WEAK = YES;
				CLANG_WARN_BLOCK_CAPTURE_AUTORELEASING = YES;
				CLANG_WARN_BOOL_CONVERSION = YES;
				CLANG_WARN_COMMA = YES;
				CLANG_WARN_CONSTANT_CONVERSION = YES;
				CLANG_WARN_DEPRECATED_OBJC_IMPLEMENTATIONS = YES;
				CLANG_WARN_DIRECT_OBJC_ISA_USAGE = YES_ERROR;
				CLANG_WARN_DOCUMENTATION_COMMENTS = YES;
				CLANG_WARN_EMPTY_BODY = YES;
				CLANG_WARN_ENUM_CONVERSION = YES;
				CLANG_WARN_INFINITE_RECURSION = YES;
				CLANG_WARN_INT_CONVERSION = YES;
				CLANG_WARN_NON_LITERAL_NULL_CONVERSION = YES;
				CLANG_WARN_OBJC_IMPLICIT_RETAIN_SELF = YES;
				CLANG_WARN_OBJC_LITERAL_CONVERSION = YES;
				CLANG_WARN_OBJC_ROOT_CLASS = YES_ERROR;
				CLANG_WARN_QUOTED_INCLUDE_IN_FRAMEWORK_HEADER = YES;
				CLANG_WARN_RANGE_LOOP_ANALYSIS = YES;
				CLANG_WARN_STRICT_PROTOTYPES = YES;
				CLANG_WARN_SUSPICIOUS_MOVE = YES;
				CLANG_WARN_UNGUARDED_AVAILABILITY = YES_AGGRESSIVE;
				CLANG_WARN_UNREACHABLE_CODE = YES;
				CLANG_WARN__DUPLICATE_METHOD_MATCH = YES;
				COPY_PHASE_STRIP = NO;
				DEBUG_INFORMATION_FORMAT = dwarf;
				ENABLE_STRICT_OBJC_MSGSEND = YES;
				ENABLE_TESTABILITY = YES;
				GCC_C_LANGUAGE_STANDARD = gnu11;
				GCC_DYNAMIC_NO_PIC = NO;
				GCC_NO_COMMON_BLOCKS = YES;
				GCC_OPTIMIZATION_LEVEL = 0;
				GCC_PREPROCESSOR_DEFINITIONS = (
					"DEBUG=1",
					"$(inherited)",
				);
				GCC_WARN_64_TO_32_BIT_CONVERSION = YES;
				GCC_WARN_ABOUT_RETURN_TYPE = YES_ERROR;
				GCC_WARN_UNDECLARED_SELECTOR = YES;
				GCC_WARN_UNINITIALIZED_AUTOS = YES_AGGRESSIVE;
				GCC_WARN_UNUSED_FUNCTION = YES;
				GCC_WARN_UNUSED_VARIABLE = YES;
				IPHONEOS_DEPLOYMENT_TARGET = 16.1;
				MTL_ENABLE_DEBUG_INFO = INCLUDE_SOURCE;
				MTL_FAST_MATH = YES;
				ONLY_ACTIVE_ARCH = YES;
				SDKROOT = iphoneos;
				SWIFT_ACTIVE_COMPILATION_CONDITIONS = DEBUG;
				SWIFT_OPTIMIZATION_LEVEL = "-Onone";
			};
			name = Debug;
		};
		8FE897FE2931089700A97CD7 /* Release */ = {
			isa = XCBuildConfiguration;
			buildSettings = {
				ALWAYS_SEARCH_USER_PATHS = NO;
				CLANG_ANALYZER_NONNULL = YES;
				CLANG_ANALYZER_NUMBER_OBJECT_CONVERSION = YES_AGGRESSIVE;
				CLANG_CXX_LANGUAGE_STANDARD = "gnu++20";
				CLANG_ENABLE_MODULES = YES;
				CLANG_ENABLE_OBJC_ARC = YES;
				CLANG_ENABLE_OBJC_WEAK = YES;
				CLANG_WARN_BLOCK_CAPTURE_AUTORELEASING = YES;
				CLANG_WARN_BOOL_CONVERSION = YES;
				CLANG_WARN_COMMA = YES;
				CLANG_WARN_CONSTANT_CONVERSION = YES;
				CLANG_WARN_DEPRECATED_OBJC_IMPLEMENTATIONS = YES;
				CLANG_WARN_DIRECT_OBJC_ISA_USAGE = YES_ERROR;
				CLANG_WARN_DOCUMENTATION_COMMENTS = YES;
				CLANG_WARN_EMPTY_BODY = YES;
				CLANG_WARN_ENUM_CONVERSION = YES;
				CLANG_WARN_INFINITE_RECURSION = YES;
				CLANG_WARN_INT_CONVERSION = YES;
				CLANG_WARN_NON_LITERAL_NULL_CONVERSION = YES;
				CLANG_WARN_OBJC_IMPLICIT_RETAIN_SELF = YES;
				CLANG_WARN_OBJC_LITERAL_CONVERSION = YES;
				CLANG_WARN_OBJC_ROOT_CLASS = YES_ERROR;
				CLANG_WARN_QUOTED_INCLUDE_IN_FRAMEWORK_HEADER = YES;
				CLANG_WARN_RANGE_LOOP_ANALYSIS = YES;
				CLANG_WARN_STRICT_PROTOTYPES = YES;
				CLANG_WARN_SUSPICIOUS_MOVE = YES;
				CLANG_WARN_UNGUARDED_AVAILABILITY = YES_AGGRESSIVE;
				CLANG_WARN_UNREACHABLE_CODE = YES;
				CLANG_WARN__DUPLICATE_METHOD_MATCH = YES;
				COPY_PHASE_STRIP = NO;
				DEBUG_INFORMATION_FORMAT = "dwarf-with-dsym";
				ENABLE_NS_ASSERTIONS = NO;
				ENABLE_STRICT_OBJC_MSGSEND = YES;
				GCC_C_LANGUAGE_STANDARD = gnu11;
				GCC_NO_COMMON_BLOCKS = YES;
				GCC_WARN_64_TO_32_BIT_CONVERSION = YES;
				GCC_WARN_ABOUT_RETURN_TYPE = YES_ERROR;
				GCC_WARN_UNDECLARED_SELECTOR = YES;
				GCC_WARN_UNINITIALIZED_AUTOS = YES_AGGRESSIVE;
				GCC_WARN_UNUSED_FUNCTION = YES;
				GCC_WARN_UNUSED_VARIABLE = YES;
				IPHONEOS_DEPLOYMENT_TARGET = 16.1;
				MTL_ENABLE_DEBUG_INFO = NO;
				MTL_FAST_MATH = YES;
				SDKROOT = iphoneos;
				SWIFT_COMPILATION_MODE = wholemodule;
				SWIFT_OPTIMIZATION_LEVEL = "-O";
				VALIDATE_PRODUCT = YES;
			};
			name = Release;
		};
		8FE898002931089700A97CD7 /* Debug */ = {
			isa = XCBuildConfiguration;
			buildSettings = {
				ASSETCATALOG_COMPILER_APPICON_NAME = AppIcon;
				ASSETCATALOG_COMPILER_GLOBAL_ACCENT_COLOR_NAME = AccentColor;
				CODE_SIGN_STYLE = Manual;
				CURRENT_PROJECT_VERSION = 1;
				DEVELOPMENT_ASSET_PATHS = "\"Portfolio/Preview Content\"";
				DEVELOPMENT_TEAM = "";
				ENABLE_PREVIEWS = YES;
				GENERATE_INFOPLIST_FILE = YES;
				INFOPLIST_KEY_UIApplicationSceneManifest_Generation = YES;
				INFOPLIST_KEY_UIApplicationSupportsIndirectInputEvents = YES;
				INFOPLIST_KEY_UILaunchScreen_Generation = YES;
				INFOPLIST_KEY_UISupportedInterfaceOrientations_iPad = "UIInterfaceOrientationPortrait UIInterfaceOrientationPortraitUpsideDown UIInterfaceOrientationLandscapeLeft UIInterfaceOrientationLandscapeRight";
				INFOPLIST_KEY_UISupportedInterfaceOrientations_iPhone = "UIInterfaceOrientationPortrait UIInterfaceOrientationLandscapeLeft UIInterfaceOrientationLandscapeRight";
				LD_RUNPATH_SEARCH_PATHS = (
					"$(inherited)",
					"@executable_path/Frameworks",
				);
				MARKETING_VERSION = 1.0;
				PRODUCT_BUNDLE_IDENTIFIER = com.app.Portfolio;
				PRODUCT_NAME = "$(TARGET_NAME)";
				PROVISIONING_PROFILE_SPECIFIER = "";
				SWIFT_EMIT_LOC_STRINGS = YES;
				SWIFT_VERSION = 5.0;
				TARGETED_DEVICE_FAMILY = "1,2";
			};
			name = Debug;
		};
		8FE898012931089700A97CD7 /* Release */ = {
			isa = XCBuildConfiguration;
			buildSettings = {
				ASSETCATALOG_COMPILER_APPICON_NAME = AppIcon;
				ASSETCATALOG_COMPILER_GLOBAL_ACCENT_COLOR_NAME = AccentColor;
				CODE_SIGN_STYLE = Manual;
				CURRENT_PROJECT_VERSION = 1;
				DEVELOPMENT_ASSET_PATHS = "\"Portfolio/Preview Content\"";
				DEVELOPMENT_TEAM = "";
				ENABLE_PREVIEWS = YES;
				GENERATE_INFOPLIST_FILE = YES;
				INFOPLIST_KEY_UIApplicationSceneManifest_Generation = YES;
				INFOPLIST_KEY_UIApplicationSupportsIndirectInputEvents = YES;
				INFOPLIST_KEY_UILaunchScreen_Generation = YES;
				INFOPLIST_KEY_UISupportedInterfaceOrientations_iPad = "UIInterfaceOrientationPortrait UIInterfaceOrientationPortraitUpsideDown UIInterfaceOrientationLandscapeLeft UIInterfaceOrientationLandscapeRight";
				INFOPLIST_KEY_UISupportedInterfaceOrientations_iPhone = "UIInterfaceOrientationPortrait UIInterfaceOrientationLandscapeLeft UIInterfaceOrientationLandscapeRight";
				LD_RUNPATH_SEARCH_PATHS = (
					"$(inherited)",
					"@executable_path/Frameworks",
				);
				MARKETING_VERSION = 1.0;
				PRODUCT_BUNDLE_IDENTIFIER = com.app.Portfolio;
				PRODUCT_NAME = "$(TARGET_NAME)";
				PROVISIONING_PROFILE_SPECIFIER = "";
				SWIFT_EMIT_LOC_STRINGS = YES;
				SWIFT_VERSION = 5.0;
				TARGETED_DEVICE_FAMILY = "1,2";
			};
			name = Release;
		};
/* End XCBuildConfiguration section */

/* Begin XCConfigurationList section */
		8FE897EC2931089500A97CD7 /* Build configuration list for PBXProject "Portfolio" */ = {
			isa = XCConfigurationList;
			buildConfigurations = (
				8FE897FD2931089700A97CD7 /* Debug */,
				8FE897FE2931089700A97CD7 /* Release */,
			);
			defaultConfigurationIsVisible = 0;
			defaultConfigurationName = Release;
		};
		8FE897FF2931089700A97CD7 /* Build configuration list for PBXNativeTarget "Portfolio" */ = {
			isa = XCConfigurationList;
			buildConfigurations = (
				8FE898002931089700A97CD7 /* Debug */,
				8FE898012931089700A97CD7 /* Release */,
			);
			defaultConfigurationIsVisible = 0;
			defaultConfigurationName = Release;
		};
/* End XCConfigurationList section */
	};
	rootObject = 8FE897E92931089500A97CD7 /* Project object */;
}
